
Microsoft Visual Studio Solution File, Format Version 12.00
# Visual Studio 15
Project("{FAE04EC0-301F-11D3-BF4B-00C04F79EFBC}") = "CuttingSystem3mkMobile.Android", "CuttingSystem3mkMobile.Android\CuttingSystem3mkMobile.Android.csproj", "{82EBDB4F-D9CA-4F02-9FED-96D616238661}"
EndProject
Project("{FAE04EC0-301F-11D3-BF4B-00C04F79EFBC}") = "CuttingSystem3mkMobile.iOS", "CuttingSystem3mkMobile.iOS\CuttingSystem3mkMobile.iOS.csproj", "{FAA23FAC-0EDB-4913-BA16-FA205B60E732}"
EndProject
Project("{FAE04EC0-301F-11D3-BF4B-00C04F79EFBC}") = "CuttingSystem3mkMobile.UITests", "CuttingSystem3mkMobile.UITests\CuttingSystem3mkMobile.UITests.csproj", "{FB396958-5422-464F-AC68-B3A63752CC27}"
EndProject
Project("{FAE04EC0-301F-11D3-BF4B-00C04F79EFBC}") = "CuttingSystem3mkMobile", "CuttingSystem3mkMobile\CuttingSystem3mkMobile.csproj", "{38F8B3C1-35EB-4C50-866B-072B180DD991}"
EndProject
Global
	GlobalSection(SolutionConfigurationPlatforms) = preSolution
		Debug|Any CPU = Debug|Any CPU
		Release|Any CPU = Release|Any CPU
		Debug|iPhoneSimulator = Debug|iPhoneSimulator
		Release|iPhoneSimulator = Release|iPhoneSimulator
		Debug|iPhone = Debug|iPhone
		Release|iPhone = Release|iPhone
	EndGlobalSection
	GlobalSection(ProjectConfigurationPlatforms) = postSolution
		{82EBDB4F-D9CA-4F02-9FED-96D616238661}.Debug|Any CPU.ActiveCfg = Debug|Any CPU
		{82EBDB4F-D9CA-4F02-9FED-96D616238661}.Debug|Any CPU.Build.0 = Debug|Any CPU
		{82EBDB4F-D9CA-4F02-9FED-96D616238661}.Release|Any CPU.ActiveCfg = Release|Any CPU
		{82EBDB4F-D9CA-4F02-9FED-96D616238661}.Release|Any CPU.Build.0 = Release|Any CPU
		{82EBDB4F-D9CA-4F02-9FED-96D616238661}.Debug|iPhoneSimulator.ActiveCfg = Debug|Any CPU
		{82EBDB4F-D9CA-4F02-9FED-96D616238661}.Debug|iPhoneSimulator.Build.0 = Debug|Any CPU
		{82EBDB4F-D9CA-4F02-9FED-96D616238661}.Release|iPhoneSimulator.ActiveCfg = Release|Any CPU
		{82EBDB4F-D9CA-4F02-9FED-96D616238661}.Release|iPhoneSimulator.Build.0 = Release|Any CPU
		{82EBDB4F-D9CA-4F02-9FED-96D616238661}.Debug|iPhone.ActiveCfg = Debug|Any CPU
		{82EBDB4F-D9CA-4F02-9FED-96D616238661}.Debug|iPhone.Build.0 = Debug|Any CPU
		{82EBDB4F-D9CA-4F02-9FED-96D616238661}.Release|iPhone.ActiveCfg = Release|Any CPU
		{82EBDB4F-D9CA-4F02-9FED-96D616238661}.Release|iPhone.Build.0 = Release|Any CPU
		{FAA23FAC-0EDB-4913-BA16-FA205B60E732}.Debug|Any CPU.ActiveCfg = Debug|iPhoneSimulator
		{FAA23FAC-0EDB-4913-BA16-FA205B60E732}.Debug|Any CPU.Build.0 = Debug|iPhoneSimulator
		{FAA23FAC-0EDB-4913-BA16-FA205B60E732}.Release|Any CPU.ActiveCfg = Release|iPhoneSimulator
		{FAA23FAC-0EDB-4913-BA16-FA205B60E732}.Release|Any CPU.Build.0 = Release|iPhoneSimulator
		{FAA23FAC-0EDB-4913-BA16-FA205B60E732}.Debug|iPhoneSimulator.ActiveCfg = Debug|iPhoneSimulator
		{FAA23FAC-0EDB-4913-BA16-FA205B60E732}.Debug|iPhoneSimulator.Build.0 = Debug|iPhoneSimulator
		{FAA23FAC-0EDB-4913-BA16-FA205B60E732}.Release|iPhoneSimulator.ActiveCfg = Release|iPhoneSimulator
		{FAA23FAC-0EDB-4913-BA16-FA205B60E732}.Release|iPhoneSimulator.Build.0 = Release|iPhoneSimulator
		{FAA23FAC-0EDB-4913-BA16-FA205B60E732}.Debug|iPhone.ActiveCfg = Debug|iPhone
		{FAA23FAC-0EDB-4913-BA16-FA205B60E732}.Debug|iPhone.Build.0 = Debug|iPhone
		{FAA23FAC-0EDB-4913-BA16-FA205B60E732}.Release|iPhone.ActiveCfg = Release|iPhone
		{FAA23FAC-0EDB-4913-BA16-FA205B60E732}.Release|iPhone.Build.0 = Release|iPhone
		{FB396958-5422-464F-AC68-B3A63752CC27}.Debug|Any CPU.ActiveCfg = Debug|Any CPU
		{FB396958-5422-464F-AC68-B3A63752CC27}.Debug|Any CPU.Build.0 = Debug|Any CPU
		{FB396958-5422-464F-AC68-B3A63752CC27}.Release|Any CPU.ActiveCfg = Release|Any CPU
		{FB396958-5422-464F-AC68-B3A63752CC27}.Release|Any CPU.Build.0 = Release|Any CPU
		{FB396958-5422-464F-AC68-B3A63752CC27}.Debug|iPhoneSimulator.ActiveCfg = Debug|Any CPU
		{FB396958-5422-464F-AC68-B3A63752CC27}.Debug|iPhoneSimulator.Build.0 = Debug|Any CPU
		{FB396958-5422-464F-AC68-B3A63752CC27}.Release|iPhoneSimulator.ActiveCfg = Release|Any CPU
		{FB396958-5422-464F-AC68-B3A63752CC27}.Release|iPhoneSimulator.Build.0 = Release|Any CPU
		{FB396958-5422-464F-AC68-B3A63752CC27}.Debug|iPhone.ActiveCfg = Debug|Any CPU
		{FB396958-5422-464F-AC68-B3A63752CC27}.Debug|iPhone.Build.0 = Debug|Any CPU
		{FB396958-5422-464F-AC68-B3A63752CC27}.Release|iPhone.ActiveCfg = Release|Any CPU
		{FB396958-5422-464F-AC68-B3A63752CC27}.Release|iPhone.Build.0 = Release|Any CPU
		{38F8B3C1-35EB-4C50-866B-072B180DD991}.Debug|Any CPU.ActiveCfg = Debug|Any CPU
		{38F8B3C1-35EB-4C50-866B-072B180DD991}.Debug|Any CPU.Build.0 = Debug|Any CPU
		{38F8B3C1-35EB-4C50-866B-072B180DD991}.Release|Any CPU.ActiveCfg = Release|Any CPU
		{38F8B3C1-35EB-4C50-866B-072B180DD991}.Release|Any CPU.Build.0 = Release|Any CPU
		{38F8B3C1-35EB-4C50-866B-072B180DD991}.Debug|iPhoneSimulator.ActiveCfg = Debug|Any CPU
		{38F8B3C1-35EB-4C50-866B-072B180DD991}.Debug|iPhoneSimulator.Build.0 = Debug|Any CPU
		{38F8B3C1-35EB-4C50-866B-072B180DD991}.Release|iPhoneSimulator.ActiveCfg = Release|Any CPU
		{38F8B3C1-35EB-4C50-866B-072B180DD991}.Release|iPhoneSimulator.Build.0 = Release|Any CPU
		{38F8B3C1-35EB-4C50-866B-072B180DD991}.Debug|iPhone.ActiveCfg = Debug|Any CPU
		{38F8B3C1-35EB-4C50-866B-072B180DD991}.Debug|iPhone.Build.0 = Debug|Any CPU
		{38F8B3C1-35EB-4C50-866B-072B180DD991}.Release|iPhone.ActiveCfg = Release|Any CPU
		{38F8B3C1-35EB-4C50-866B-072B180DD991}.Release|iPhone.Build.0 = Release|Any CPU
	EndGlobalSection
EndGlobal
