
Microsoft Visual Studio Solution File, Format Version 12.00
# Visual Studio 15
VisualStudioVersion = 15.0.28010.2016
MinimumVisualStudioVersion = 10.0.40219.1
Project("{FAE04EC0-301F-11D3-BF4B-00C04F79EFBC}") = "CuttingSystem.Api", "CuttingSystem.Api\CuttingSystem.Api.csproj", "{1AFE1254-EEA8-40D8-B790-D3F5FBC9CDEC}"
EndProject
Project("{2150E333-8FDC-42A3-9474-1A3956D46DE8}") = "Api", "Api", "{E9280FE4-D576-4374-A222-49A9DD784102}"
EndProject
Project("{FAE04EC0-301F-11D3-BF4B-00C04F79EFBC}") = "CuttingSystem.Models", "CuttingSystem.Models\CuttingSystem.Models.csproj", "{C37B6989-4644-4E4C-94E4-016B602E86EE}"
EndProject
Project("{FAE04EC0-301F-11D3-BF4B-00C04F79EFBC}") = "CuttingSystem.Repositories", "CuttingSystem.Repositories\CuttingSystem.Repositories.csproj", "{F252A26F-E5E7-4306-B0A3-1863942FB6A0}"
EndProject
Project("{FAE04EC0-301F-11D3-BF4B-00C04F79EFBC}") = "CuttingSystem.Services", "CuttingSystem.Services\CuttingSystem.Services.csproj", "{A2158792-0830-47E0-8765-C73E7054B61B}"
EndProject
Project("{FAE04EC0-301F-11D3-BF4B-00C04F79EFBC}") = "CuttingSystem.Utils", "CuttingSystem.Utils\CuttingSystem.Utils.csproj", "{7D821C81-774A-405D-B86A-EFEDF5A478C0}"
EndProject
Global
	GlobalSection(SolutionConfigurationPlatforms) = preSolution
		Debug|Any CPU = Debug|Any CPU
		Release|Any CPU = Release|Any CPU
	EndGlobalSection
	GlobalSection(ProjectConfigurationPlatforms) = postSolution
		{1AFE1254-EEA8-40D8-B790-D3F5FBC9CDEC}.Debug|Any CPU.ActiveCfg = Debug|Any CPU
		{1AFE1254-EEA8-40D8-B790-D3F5FBC9CDEC}.Debug|Any CPU.Build.0 = Debug|Any CPU
		{1AFE1254-EEA8-40D8-B790-D3F5FBC9CDEC}.Release|Any CPU.ActiveCfg = Release|Any CPU
		{1AFE1254-EEA8-40D8-B790-D3F5FBC9CDEC}.Release|Any CPU.Build.0 = Release|Any CPU
		{C37B6989-4644-4E4C-94E4-016B602E86EE}.Debug|Any CPU.ActiveCfg = Debug|Any CPU
		{C37B6989-4644-4E4C-94E4-016B602E86EE}.Debug|Any CPU.Build.0 = Debug|Any CPU
		{C37B6989-4644-4E4C-94E4-016B602E86EE}.Release|Any CPU.ActiveCfg = Release|Any CPU
		{C37B6989-4644-4E4C-94E4-016B602E86EE}.Release|Any CPU.Build.0 = Release|Any CPU
		{F252A26F-E5E7-4306-B0A3-1863942FB6A0}.Debug|Any CPU.ActiveCfg = Debug|Any CPU
		{F252A26F-E5E7-4306-B0A3-1863942FB6A0}.Debug|Any CPU.Build.0 = Debug|Any CPU
		{F252A26F-E5E7-4306-B0A3-1863942FB6A0}.Release|Any CPU.ActiveCfg = Release|Any CPU
		{F252A26F-E5E7-4306-B0A3-1863942FB6A0}.Release|Any CPU.Build.0 = Release|Any CPU
		{A2158792-0830-47E0-8765-C73E7054B61B}.Debug|Any CPU.ActiveCfg = Debug|Any CPU
		{A2158792-0830-47E0-8765-C73E7054B61B}.Debug|Any CPU.Build.0 = Debug|Any CPU
		{A2158792-0830-47E0-8765-C73E7054B61B}.Release|Any CPU.ActiveCfg = Release|Any CPU
		{A2158792-0830-47E0-8765-C73E7054B61B}.Release|Any CPU.Build.0 = Release|Any CPU
		{7D821C81-774A-405D-B86A-EFEDF5A478C0}.Debug|Any CPU.ActiveCfg = Debug|Any CPU
		{7D821C81-774A-405D-B86A-EFEDF5A478C0}.Debug|Any CPU.Build.0 = Debug|Any CPU
		{7D821C81-774A-405D-B86A-EFEDF5A478C0}.Release|Any CPU.ActiveCfg = Release|Any CPU
		{7D821C81-774A-405D-B86A-EFEDF5A478C0}.Release|Any CPU.Build.0 = Release|Any CPU
	EndGlobalSection
	GlobalSection(SolutionProperties) = preSolution
		HideSolutionNode = FALSE
	EndGlobalSection
	GlobalSection(NestedProjects) = preSolution
		{1AFE1254-EEA8-40D8-B790-D3F5FBC9CDEC} = {E9280FE4-D576-4374-A222-49A9DD784102}
		{C37B6989-4644-4E4C-94E4-016B602E86EE} = {E9280FE4-D576-4374-A222-49A9DD784102}
		{F252A26F-E5E7-4306-B0A3-1863942FB6A0} = {E9280FE4-D576-4374-A222-49A9DD784102}
		{A2158792-0830-47E0-8765-C73E7054B61B} = {E9280FE4-D576-4374-A222-49A9DD784102}
		{7D821C81-774A-405D-B86A-EFEDF5A478C0} = {E9280FE4-D576-4374-A222-49A9DD784102}
	EndGlobalSection
	GlobalSection(ExtensibilityGlobals) = postSolution
		SolutionGuid = {EC019743-EED0-44A4-9130-D2A2B1C1D9CD}
	EndGlobalSection
EndGlobal
