Microsoft Visual Studio Solution File, Format Version 12.00
# Visual Studio 15
VisualStudioVersion = 15.0.28010.2016
MinimumVisualStudioVersion = 10.0.40219.1
Project("{2150E333-8FDC-42A3-9474-1A3956D46DE8}") = "WebApi", "WebApi", "{44C8E1BC-1562-4381-AE4F-4430D94D92E5}"
EndProject
Project("{9A19103F-16F7-4668-BE54-9A1E7A4F7556}") = "FirePlatform.Models", "FirePlatform.WebApi\FirePlatform.Models\FirePlatform.Models.csproj", "{CA3FB9FD-F0F7-4428-B77D-57E08EDCB9E9}"
EndProject
Project("{9A19103F-16F7-4668-BE54-9A1E7A4F7556}") = "FirePlatform.Repositories", "FirePlatform.WebApi\FirePlatform.Repositories\FirePlatform.Repositories.csproj", "{198F398B-8EBF-45E9-9F9D-9C8CB491CBF3}"
EndProject
Project("{9A19103F-16F7-4668-BE54-9A1E7A4F7556}") = "FirePlatform.Services", "FirePlatform.WebApi\FirePlatform.Services\FirePlatform.Services.csproj", "{8E4FBC01-CEDB-4F6A-9CB6-806B49FBF96C}"
EndProject
Project("{9A19103F-16F7-4668-BE54-9A1E7A4F7556}") = "FirePlatform.Utils", "FirePlatform.WebApi\FirePlatform.Utils\FirePlatform.Utils.csproj", "{7F664421-A834-4912-80F2-60FECFDFD623}"
EndProject
Project("{9A19103F-16F7-4668-BE54-9A1E7A4F7556}") = "FirePlatform.WebApi", "FirePlatform.WebApi\FirePlatform.WebApi\FirePlatform.WebApi.csproj", "{FDA7EF05-9024-4C5F-9F71-7BAC3FF68CEA}"
EndProject
Project("{FAE04EC0-301F-11D3-BF4B-00C04F79EFBC}") = "FirePlatform.Mobile", "FirePlatform.Mobile\FirePlatform.Mobile.csproj", "{823B9CE9-54AE-4864-A385-181DCB870700}"
EndProject
Project("{FAE04EC0-301F-11D3-BF4B-00C04F79EFBC}") = "FirePlatform.Mobile.Common", "FirePlatform.Mobile.Common\FirePlatform.Mobile.Common.csproj", "{EBE8CE97-47C1-42EE-BFB9-29D6D7BAA525}"
EndProject
Project("{FAE04EC0-301F-11D3-BF4B-00C04F79EFBC}") = "FirePlatform.Mobile.Android", "FirePlatform.Mobile.Android\FirePlatform.Mobile.Android.csproj", "{3E8D3A3B-A9B1-483D-9922-6BB5F4D06277}"
EndProject
Project("{FAE04EC0-301F-11D3-BF4B-00C04F79EFBC}") = "FirePlatform.Mobile.iOS", "FirePlatform.Mobile.iOS\FirePlatform.Mobile.iOS.csproj", "{8A339038-F63F-418B-8613-673A0424BE0D}"
EndProject
Project("{FAE04EC0-301F-11D3-BF4B-00C04F79EFBC}") = "FirePlatform.Mobile.UITests", "FirePlatform.Mobile.UITests\FirePlatform.Mobile.UITests.csproj", "{B19C892E-2628-4CA7-AD27-08D406A3B14B}"
EndProject
Global
	GlobalSection(SolutionConfigurationPlatforms) = preSolution
		Ad-Hoc|Any CPU = Ad-Hoc|Any CPU
		Ad-Hoc|iPhone = Ad-Hoc|iPhone
		Ad-Hoc|iPhoneSimulator = Ad-Hoc|iPhoneSimulator
		AppStore|Any CPU = AppStore|Any CPU
		AppStore|iPhone = AppStore|iPhone
		AppStore|iPhoneSimulator = AppStore|iPhoneSimulator
		Debug|Any CPU = Debug|Any CPU
		Debug|iPhone = Debug|iPhone
		Debug|iPhoneSimulator = Debug|iPhoneSimulator
		Release|Any CPU = Release|Any CPU
		Release|iPhone = Release|iPhone
		Release|iPhoneSimulator = Release|iPhoneSimulator
	EndGlobalSection
	GlobalSection(ProjectConfigurationPlatforms) = postSolution
		{CA3FB9FD-F0F7-4428-B77D-57E08EDCB9E9}.Ad-Hoc|Any CPU.ActiveCfg = Debug|Any CPU
		{CA3FB9FD-F0F7-4428-B77D-57E08EDCB9E9}.Ad-Hoc|Any CPU.Build.0 = Debug|Any CPU
		{CA3FB9FD-F0F7-4428-B77D-57E08EDCB9E9}.Ad-Hoc|iPhone.ActiveCfg = Debug|Any CPU
		{CA3FB9FD-F0F7-4428-B77D-57E08EDCB9E9}.Ad-Hoc|iPhone.Build.0 = Debug|Any CPU
		{CA3FB9FD-F0F7-4428-B77D-57E08EDCB9E9}.Ad-Hoc|iPhoneSimulator.ActiveCfg = Debug|Any CPU
		{CA3FB9FD-F0F7-4428-B77D-57E08EDCB9E9}.Ad-Hoc|iPhoneSimulator.Build.0 = Debug|Any CPU
		{CA3FB9FD-F0F7-4428-B77D-57E08EDCB9E9}.AppStore|Any CPU.ActiveCfg = Debug|Any CPU
		{CA3FB9FD-F0F7-4428-B77D-57E08EDCB9E9}.AppStore|Any CPU.Build.0 = Debug|Any CPU
		{CA3FB9FD-F0F7-4428-B77D-57E08EDCB9E9}.AppStore|iPhone.ActiveCfg = Debug|Any CPU
		{CA3FB9FD-F0F7-4428-B77D-57E08EDCB9E9}.AppStore|iPhone.Build.0 = Debug|Any CPU
		{CA3FB9FD-F0F7-4428-B77D-57E08EDCB9E9}.AppStore|iPhoneSimulator.ActiveCfg = Debug|Any CPU
		{CA3FB9FD-F0F7-4428-B77D-57E08EDCB9E9}.AppStore|iPhoneSimulator.Build.0 = Debug|Any CPU
		{CA3FB9FD-F0F7-4428-B77D-57E08EDCB9E9}.Debug|Any CPU.ActiveCfg = Debug|Any CPU
		{CA3FB9FD-F0F7-4428-B77D-57E08EDCB9E9}.Debug|Any CPU.Build.0 = Debug|Any CPU
		{CA3FB9FD-F0F7-4428-B77D-57E08EDCB9E9}.Debug|iPhone.ActiveCfg = Debug|Any CPU
		{CA3FB9FD-F0F7-4428-B77D-57E08EDCB9E9}.Debug|iPhone.Build.0 = Debug|Any CPU
		{CA3FB9FD-F0F7-4428-B77D-57E08EDCB9E9}.Debug|iPhoneSimulator.ActiveCfg = Debug|Any CPU
		{CA3FB9FD-F0F7-4428-B77D-57E08EDCB9E9}.Debug|iPhoneSimulator.Build.0 = Debug|Any CPU
		{CA3FB9FD-F0F7-4428-B77D-57E08EDCB9E9}.Release|Any CPU.ActiveCfg = Release|Any CPU
		{CA3FB9FD-F0F7-4428-B77D-57E08EDCB9E9}.Release|Any CPU.Build.0 = Release|Any CPU
		{CA3FB9FD-F0F7-4428-B77D-57E08EDCB9E9}.Release|iPhone.ActiveCfg = Release|Any CPU
		{CA3FB9FD-F0F7-4428-B77D-57E08EDCB9E9}.Release|iPhone.Build.0 = Release|Any CPU
		{CA3FB9FD-F0F7-4428-B77D-57E08EDCB9E9}.Release|iPhoneSimulator.ActiveCfg = Release|Any CPU
		{CA3FB9FD-F0F7-4428-B77D-57E08EDCB9E9}.Release|iPhoneSimulator.Build.0 = Release|Any CPU
		{198F398B-8EBF-45E9-9F9D-9C8CB491CBF3}.Ad-Hoc|Any CPU.ActiveCfg = Debug|Any CPU
		{198F398B-8EBF-45E9-9F9D-9C8CB491CBF3}.Ad-Hoc|Any CPU.Build.0 = Debug|Any CPU
		{198F398B-8EBF-45E9-9F9D-9C8CB491CBF3}.Ad-Hoc|iPhone.ActiveCfg = Debug|Any CPU
		{198F398B-8EBF-45E9-9F9D-9C8CB491CBF3}.Ad-Hoc|iPhone.Build.0 = Debug|Any CPU
		{198F398B-8EBF-45E9-9F9D-9C8CB491CBF3}.Ad-Hoc|iPhoneSimulator.ActiveCfg = Debug|Any CPU
		{198F398B-8EBF-45E9-9F9D-9C8CB491CBF3}.Ad-Hoc|iPhoneSimulator.Build.0 = Debug|Any CPU
		{198F398B-8EBF-45E9-9F9D-9C8CB491CBF3}.AppStore|Any CPU.ActiveCfg = Debug|Any CPU
		{198F398B-8EBF-45E9-9F9D-9C8CB491CBF3}.AppStore|Any CPU.Build.0 = Debug|Any CPU
		{198F398B-8EBF-45E9-9F9D-9C8CB491CBF3}.AppStore|iPhone.ActiveCfg = Debug|Any CPU
		{198F398B-8EBF-45E9-9F9D-9C8CB491CBF3}.AppStore|iPhone.Build.0 = Debug|Any CPU
		{198F398B-8EBF-45E9-9F9D-9C8CB491CBF3}.AppStore|iPhoneSimulator.ActiveCfg = Debug|Any CPU
		{198F398B-8EBF-45E9-9F9D-9C8CB491CBF3}.AppStore|iPhoneSimulator.Build.0 = Debug|Any CPU
		{198F398B-8EBF-45E9-9F9D-9C8CB491CBF3}.Debug|Any CPU.ActiveCfg = Debug|Any CPU
		{198F398B-8EBF-45E9-9F9D-9C8CB491CBF3}.Debug|Any CPU.Build.0 = Debug|Any CPU
		{198F398B-8EBF-45E9-9F9D-9C8CB491CBF3}.Debug|iPhone.ActiveCfg = Debug|Any CPU
		{198F398B-8EBF-45E9-9F9D-9C8CB491CBF3}.Debug|iPhone.Build.0 = Debug|Any CPU
		{198F398B-8EBF-45E9-9F9D-9C8CB491CBF3}.Debug|iPhoneSimulator.ActiveCfg = Debug|Any CPU
		{198F398B-8EBF-45E9-9F9D-9C8CB491CBF3}.Debug|iPhoneSimulator.Build.0 = Debug|Any CPU
		{198F398B-8EBF-45E9-9F9D-9C8CB491CBF3}.Release|Any CPU.ActiveCfg = Release|Any CPU
		{198F398B-8EBF-45E9-9F9D-9C8CB491CBF3}.Release|Any CPU.Build.0 = Release|Any CPU
		{198F398B-8EBF-45E9-9F9D-9C8CB491CBF3}.Release|iPhone.ActiveCfg = Release|Any CPU
		{198F398B-8EBF-45E9-9F9D-9C8CB491CBF3}.Release|iPhone.Build.0 = Release|Any CPU
		{198F398B-8EBF-45E9-9F9D-9C8CB491CBF3}.Release|iPhoneSimulator.ActiveCfg = Release|Any CPU
		{198F398B-8EBF-45E9-9F9D-9C8CB491CBF3}.Release|iPhoneSimulator.Build.0 = Release|Any CPU
		{8E4FBC01-CEDB-4F6A-9CB6-806B49FBF96C}.Ad-Hoc|Any CPU.ActiveCfg = Debug|Any CPU
		{8E4FBC01-CEDB-4F6A-9CB6-806B49FBF96C}.Ad-Hoc|Any CPU.Build.0 = Debug|Any CPU
		{8E4FBC01-CEDB-4F6A-9CB6-806B49FBF96C}.Ad-Hoc|iPhone.ActiveCfg = Debug|Any CPU
		{8E4FBC01-CEDB-4F6A-9CB6-806B49FBF96C}.Ad-Hoc|iPhone.Build.0 = Debug|Any CPU
		{8E4FBC01-CEDB-4F6A-9CB6-806B49FBF96C}.Ad-Hoc|iPhoneSimulator.ActiveCfg = Debug|Any CPU
		{8E4FBC01-CEDB-4F6A-9CB6-806B49FBF96C}.Ad-Hoc|iPhoneSimulator.Build.0 = Debug|Any CPU
		{8E4FBC01-CEDB-4F6A-9CB6-806B49FBF96C}.AppStore|Any CPU.ActiveCfg = Debug|Any CPU
		{8E4FBC01-CEDB-4F6A-9CB6-806B49FBF96C}.AppStore|Any CPU.Build.0 = Debug|Any CPU
		{8E4FBC01-CEDB-4F6A-9CB6-806B49FBF96C}.AppStore|iPhone.ActiveCfg = Debug|Any CPU
		{8E4FBC01-CEDB-4F6A-9CB6-806B49FBF96C}.AppStore|iPhone.Build.0 = Debug|Any CPU
		{8E4FBC01-CEDB-4F6A-9CB6-806B49FBF96C}.AppStore|iPhoneSimulator.ActiveCfg = Debug|Any CPU
		{8E4FBC01-CEDB-4F6A-9CB6-806B49FBF96C}.AppStore|iPhoneSimulator.Build.0 = Debug|Any CPU
		{8E4FBC01-CEDB-4F6A-9CB6-806B49FBF96C}.Debug|Any CPU.ActiveCfg = Debug|Any CPU
		{8E4FBC01-CEDB-4F6A-9CB6-806B49FBF96C}.Debug|Any CPU.Build.0 = Debug|Any CPU
		{8E4FBC01-CEDB-4F6A-9CB6-806B49FBF96C}.Debug|iPhone.ActiveCfg = Debug|Any CPU
		{8E4FBC01-CEDB-4F6A-9CB6-806B49FBF96C}.Debug|iPhone.Build.0 = Debug|Any CPU
		{8E4FBC01-CEDB-4F6A-9CB6-806B49FBF96C}.Debug|iPhoneSimulator.ActiveCfg = Debug|Any CPU
		{8E4FBC01-CEDB-4F6A-9CB6-806B49FBF96C}.Debug|iPhoneSimulator.Build.0 = Debug|Any CPU
		{8E4FBC01-CEDB-4F6A-9CB6-806B49FBF96C}.Release|Any CPU.ActiveCfg = Release|Any CPU
		{8E4FBC01-CEDB-4F6A-9CB6-806B49FBF96C}.Release|Any CPU.Build.0 = Release|Any CPU
		{8E4FBC01-CEDB-4F6A-9CB6-806B49FBF96C}.Release|iPhone.ActiveCfg = Release|Any CPU
		{8E4FBC01-CEDB-4F6A-9CB6-806B49FBF96C}.Release|iPhone.Build.0 = Release|Any CPU
		{8E4FBC01-CEDB-4F6A-9CB6-806B49FBF96C}.Release|iPhoneSimulator.ActiveCfg = Release|Any CPU
		{8E4FBC01-CEDB-4F6A-9CB6-806B49FBF96C}.Release|iPhoneSimulator.Build.0 = Release|Any CPU
		{7F664421-A834-4912-80F2-60FECFDFD623}.Ad-Hoc|Any CPU.ActiveCfg = Debug|Any CPU
		{7F664421-A834-4912-80F2-60FECFDFD623}.Ad-Hoc|Any CPU.Build.0 = Debug|Any CPU
		{7F664421-A834-4912-80F2-60FECFDFD623}.Ad-Hoc|iPhone.ActiveCfg = Debug|Any CPU
		{7F664421-A834-4912-80F2-60FECFDFD623}.Ad-Hoc|iPhone.Build.0 = Debug|Any CPU
		{7F664421-A834-4912-80F2-60FECFDFD623}.Ad-Hoc|iPhoneSimulator.ActiveCfg = Debug|Any CPU
		{7F664421-A834-4912-80F2-60FECFDFD623}.Ad-Hoc|iPhoneSimulator.Build.0 = Debug|Any CPU
		{7F664421-A834-4912-80F2-60FECFDFD623}.AppStore|Any CPU.ActiveCfg = Debug|Any CPU
		{7F664421-A834-4912-80F2-60FECFDFD623}.AppStore|Any CPU.Build.0 = Debug|Any CPU
		{7F664421-A834-4912-80F2-60FECFDFD623}.AppStore|iPhone.ActiveCfg = Debug|Any CPU
		{7F664421-A834-4912-80F2-60FECFDFD623}.AppStore|iPhone.Build.0 = Debug|Any CPU
		{7F664421-A834-4912-80F2-60FECFDFD623}.AppStore|iPhoneSimulator.ActiveCfg = Debug|Any CPU
		{7F664421-A834-4912-80F2-60FECFDFD623}.AppStore|iPhoneSimulator.Build.0 = Debug|Any CPU
		{7F664421-A834-4912-80F2-60FECFDFD623}.Debug|Any CPU.ActiveCfg = Debug|Any CPU
		{7F664421-A834-4912-80F2-60FECFDFD623}.Debug|Any CPU.Build.0 = Debug|Any CPU
		{7F664421-A834-4912-80F2-60FECFDFD623}.Debug|iPhone.ActiveCfg = Debug|Any CPU
		{7F664421-A834-4912-80F2-60FECFDFD623}.Debug|iPhone.Build.0 = Debug|Any CPU
		{7F664421-A834-4912-80F2-60FECFDFD623}.Debug|iPhoneSimulator.ActiveCfg = Debug|Any CPU
		{7F664421-A834-4912-80F2-60FECFDFD623}.Debug|iPhoneSimulator.Build.0 = Debug|Any CPU
		{7F664421-A834-4912-80F2-60FECFDFD623}.Release|Any CPU.ActiveCfg = Release|Any CPU
		{7F664421-A834-4912-80F2-60FECFDFD623}.Release|Any CPU.Build.0 = Release|Any CPU
		{7F664421-A834-4912-80F2-60FECFDFD623}.Release|iPhone.ActiveCfg = Release|Any CPU
		{7F664421-A834-4912-80F2-60FECFDFD623}.Release|iPhone.Build.0 = Release|Any CPU
		{7F664421-A834-4912-80F2-60FECFDFD623}.Release|iPhoneSimulator.ActiveCfg = Release|Any CPU
		{7F664421-A834-4912-80F2-60FECFDFD623}.Release|iPhoneSimulator.Build.0 = Release|Any CPU
		{FDA7EF05-9024-4C5F-9F71-7BAC3FF68CEA}.Ad-Hoc|Any CPU.ActiveCfg = Debug|Any CPU
		{FDA7EF05-9024-4C5F-9F71-7BAC3FF68CEA}.Ad-Hoc|Any CPU.Build.0 = Debug|Any CPU
		{FDA7EF05-9024-4C5F-9F71-7BAC3FF68CEA}.Ad-Hoc|iPhone.ActiveCfg = Debug|Any CPU
		{FDA7EF05-9024-4C5F-9F71-7BAC3FF68CEA}.Ad-Hoc|iPhone.Build.0 = Debug|Any CPU
		{FDA7EF05-9024-4C5F-9F71-7BAC3FF68CEA}.Ad-Hoc|iPhoneSimulator.ActiveCfg = Debug|Any CPU
		{FDA7EF05-9024-4C5F-9F71-7BAC3FF68CEA}.Ad-Hoc|iPhoneSimulator.Build.0 = Debug|Any CPU
		{FDA7EF05-9024-4C5F-9F71-7BAC3FF68CEA}.AppStore|Any CPU.ActiveCfg = Debug|Any CPU
		{FDA7EF05-9024-4C5F-9F71-7BAC3FF68CEA}.AppStore|Any CPU.Build.0 = Debug|Any CPU
		{FDA7EF05-9024-4C5F-9F71-7BAC3FF68CEA}.AppStore|iPhone.ActiveCfg = Debug|Any CPU
		{FDA7EF05-9024-4C5F-9F71-7BAC3FF68CEA}.AppStore|iPhone.Build.0 = Debug|Any CPU
		{FDA7EF05-9024-4C5F-9F71-7BAC3FF68CEA}.AppStore|iPhoneSimulator.ActiveCfg = Debug|Any CPU
		{FDA7EF05-9024-4C5F-9F71-7BAC3FF68CEA}.AppStore|iPhoneSimulator.Build.0 = Debug|Any CPU
		{FDA7EF05-9024-4C5F-9F71-7BAC3FF68CEA}.Debug|Any CPU.ActiveCfg = Debug|Any CPU
		{FDA7EF05-9024-4C5F-9F71-7BAC3FF68CEA}.Debug|Any CPU.Build.0 = Debug|Any CPU
		{FDA7EF05-9024-4C5F-9F71-7BAC3FF68CEA}.Debug|iPhone.ActiveCfg = Debug|Any CPU
		{FDA7EF05-9024-4C5F-9F71-7BAC3FF68CEA}.Debug|iPhone.Build.0 = Debug|Any CPU
		{FDA7EF05-9024-4C5F-9F71-7BAC3FF68CEA}.Debug|iPhoneSimulator.ActiveCfg = Debug|Any CPU
		{FDA7EF05-9024-4C5F-9F71-7BAC3FF68CEA}.Debug|iPhoneSimulator.Build.0 = Debug|Any CPU
		{FDA7EF05-9024-4C5F-9F71-7BAC3FF68CEA}.Release|Any CPU.ActiveCfg = Release|Any CPU
		{FDA7EF05-9024-4C5F-9F71-7BAC3FF68CEA}.Release|Any CPU.Build.0 = Release|Any CPU
		{FDA7EF05-9024-4C5F-9F71-7BAC3FF68CEA}.Release|iPhone.ActiveCfg = Release|Any CPU
		{FDA7EF05-9024-4C5F-9F71-7BAC3FF68CEA}.Release|iPhone.Build.0 = Release|Any CPU
		{FDA7EF05-9024-4C5F-9F71-7BAC3FF68CEA}.Release|iPhoneSimulator.ActiveCfg = Release|Any CPU
		{FDA7EF05-9024-4C5F-9F71-7BAC3FF68CEA}.Release|iPhoneSimulator.Build.0 = Release|Any CPU
		{823B9CE9-54AE-4864-A385-181DCB870700}.Ad-Hoc|Any CPU.ActiveCfg = Release|Any CPU
		{823B9CE9-54AE-4864-A385-181DCB870700}.Ad-Hoc|Any CPU.Build.0 = Release|Any CPU
		{823B9CE9-54AE-4864-A385-181DCB870700}.Ad-Hoc|iPhone.ActiveCfg = Debug|Any CPU
		{823B9CE9-54AE-4864-A385-181DCB870700}.Ad-Hoc|iPhone.Build.0 = Debug|Any CPU
		{823B9CE9-54AE-4864-A385-181DCB870700}.Ad-Hoc|iPhoneSimulator.ActiveCfg = Release|Any CPU
		{823B9CE9-54AE-4864-A385-181DCB870700}.Ad-Hoc|iPhoneSimulator.Build.0 = Release|Any CPU
		{823B9CE9-54AE-4864-A385-181DCB870700}.AppStore|Any CPU.ActiveCfg = Release|Any CPU
		{823B9CE9-54AE-4864-A385-181DCB870700}.AppStore|Any CPU.Build.0 = Release|Any CPU
		{823B9CE9-54AE-4864-A385-181DCB870700}.AppStore|iPhone.ActiveCfg = Debug|Any CPU
		{823B9CE9-54AE-4864-A385-181DCB870700}.AppStore|iPhone.Build.0 = Debug|Any CPU
		{823B9CE9-54AE-4864-A385-181DCB870700}.AppStore|iPhoneSimulator.ActiveCfg = Release|Any CPU
		{823B9CE9-54AE-4864-A385-181DCB870700}.AppStore|iPhoneSimulator.Build.0 = Release|Any CPU
		{823B9CE9-54AE-4864-A385-181DCB870700}.Debug|Any CPU.ActiveCfg = Debug|Any CPU
		{823B9CE9-54AE-4864-A385-181DCB870700}.Debug|Any CPU.Build.0 = Debug|Any CPU
		{823B9CE9-54AE-4864-A385-181DCB870700}.Debug|iPhone.ActiveCfg = Debug|Any CPU
		{823B9CE9-54AE-4864-A385-181DCB870700}.Debug|iPhone.Build.0 = Debug|Any CPU
		{823B9CE9-54AE-4864-A385-181DCB870700}.Debug|iPhoneSimulator.ActiveCfg = Debug|Any CPU
		{823B9CE9-54AE-4864-A385-181DCB870700}.Debug|iPhoneSimulator.Build.0 = Debug|Any CPU
		{823B9CE9-54AE-4864-A385-181DCB870700}.Release|Any CPU.ActiveCfg = Release|Any CPU
		{823B9CE9-54AE-4864-A385-181DCB870700}.Release|Any CPU.Build.0 = Release|Any CPU
		{823B9CE9-54AE-4864-A385-181DCB870700}.Release|iPhone.ActiveCfg = Release|Any CPU
		{823B9CE9-54AE-4864-A385-181DCB870700}.Release|iPhone.Build.0 = Release|Any CPU
		{823B9CE9-54AE-4864-A385-181DCB870700}.Release|iPhoneSimulator.ActiveCfg = Release|Any CPU
		{823B9CE9-54AE-4864-A385-181DCB870700}.Release|iPhoneSimulator.Build.0 = Release|Any CPU
		{EBE8CE97-47C1-42EE-BFB9-29D6D7BAA525}.Ad-Hoc|Any CPU.ActiveCfg = Release|Any CPU
		{EBE8CE97-47C1-42EE-BFB9-29D6D7BAA525}.Ad-Hoc|Any CPU.Build.0 = Release|Any CPU
		{EBE8CE97-47C1-42EE-BFB9-29D6D7BAA525}.Ad-Hoc|iPhone.ActiveCfg = Debug|Any CPU
		{EBE8CE97-47C1-42EE-BFB9-29D6D7BAA525}.Ad-Hoc|iPhone.Build.0 = Debug|Any CPU
		{EBE8CE97-47C1-42EE-BFB9-29D6D7BAA525}.Ad-Hoc|iPhoneSimulator.ActiveCfg = Release|Any CPU
		{EBE8CE97-47C1-42EE-BFB9-29D6D7BAA525}.Ad-Hoc|iPhoneSimulator.Build.0 = Release|Any CPU
		{EBE8CE97-47C1-42EE-BFB9-29D6D7BAA525}.AppStore|Any CPU.ActiveCfg = Release|Any CPU
		{EBE8CE97-47C1-42EE-BFB9-29D6D7BAA525}.AppStore|Any CPU.Build.0 = Release|Any CPU
		{EBE8CE97-47C1-42EE-BFB9-29D6D7BAA525}.AppStore|iPhone.ActiveCfg = Debug|Any CPU
		{EBE8CE97-47C1-42EE-BFB9-29D6D7BAA525}.AppStore|iPhone.Build.0 = Debug|Any CPU
		{EBE8CE97-47C1-42EE-BFB9-29D6D7BAA525}.AppStore|iPhoneSimulator.ActiveCfg = Release|Any CPU
		{EBE8CE97-47C1-42EE-BFB9-29D6D7BAA525}.AppStore|iPhoneSimulator.Build.0 = Release|Any CPU
		{EBE8CE97-47C1-42EE-BFB9-29D6D7BAA525}.Debug|Any CPU.ActiveCfg = Debug|Any CPU
		{EBE8CE97-47C1-42EE-BFB9-29D6D7BAA525}.Debug|Any CPU.Build.0 = Debug|Any CPU
		{EBE8CE97-47C1-42EE-BFB9-29D6D7BAA525}.Debug|iPhone.ActiveCfg = Debug|Any CPU
		{EBE8CE97-47C1-42EE-BFB9-29D6D7BAA525}.Debug|iPhone.Build.0 = Debug|Any CPU
		{EBE8CE97-47C1-42EE-BFB9-29D6D7BAA525}.Debug|iPhoneSimulator.ActiveCfg = Debug|Any CPU
		{EBE8CE97-47C1-42EE-BFB9-29D6D7BAA525}.Debug|iPhoneSimulator.Build.0 = Debug|Any CPU
		{EBE8CE97-47C1-42EE-BFB9-29D6D7BAA525}.Release|Any CPU.ActiveCfg = Release|Any CPU
		{EBE8CE97-47C1-42EE-BFB9-29D6D7BAA525}.Release|Any CPU.Build.0 = Release|Any CPU
		{EBE8CE97-47C1-42EE-BFB9-29D6D7BAA525}.Release|iPhone.ActiveCfg = Release|Any CPU
		{EBE8CE97-47C1-42EE-BFB9-29D6D7BAA525}.Release|iPhone.Build.0 = Release|Any CPU
		{EBE8CE97-47C1-42EE-BFB9-29D6D7BAA525}.Release|iPhoneSimulator.ActiveCfg = Release|Any CPU
		{EBE8CE97-47C1-42EE-BFB9-29D6D7BAA525}.Release|iPhoneSimulator.Build.0 = Release|Any CPU
		{3E8D3A3B-A9B1-483D-9922-6BB5F4D06277}.Ad-Hoc|Any CPU.ActiveCfg = Release|Any CPU
		{3E8D3A3B-A9B1-483D-9922-6BB5F4D06277}.Ad-Hoc|Any CPU.Build.0 = Release|Any CPU
		{3E8D3A3B-A9B1-483D-9922-6BB5F4D06277}.Ad-Hoc|Any CPU.Deploy.0 = Release|Any CPU
		{3E8D3A3B-A9B1-483D-9922-6BB5F4D06277}.Ad-Hoc|iPhone.ActiveCfg = Debug|Any CPU
		{3E8D3A3B-A9B1-483D-9922-6BB5F4D06277}.Ad-Hoc|iPhone.Build.0 = Debug|Any CPU
		{3E8D3A3B-A9B1-483D-9922-6BB5F4D06277}.Ad-Hoc|iPhoneSimulator.ActiveCfg = Release|Any CPU
		{3E8D3A3B-A9B1-483D-9922-6BB5F4D06277}.Ad-Hoc|iPhoneSimulator.Build.0 = Release|Any CPU
		{3E8D3A3B-A9B1-483D-9922-6BB5F4D06277}.Ad-Hoc|iPhoneSimulator.Deploy.0 = Release|Any CPU
		{3E8D3A3B-A9B1-483D-9922-6BB5F4D06277}.AppStore|Any CPU.ActiveCfg = Release|Any CPU
		{3E8D3A3B-A9B1-483D-9922-6BB5F4D06277}.AppStore|Any CPU.Build.0 = Release|Any CPU
		{3E8D3A3B-A9B1-483D-9922-6BB5F4D06277}.AppStore|Any CPU.Deploy.0 = Release|Any CPU
		{3E8D3A3B-A9B1-483D-9922-6BB5F4D06277}.AppStore|iPhone.ActiveCfg = Debug|Any CPU
		{3E8D3A3B-A9B1-483D-9922-6BB5F4D06277}.AppStore|iPhone.Build.0 = Debug|Any CPU
		{3E8D3A3B-A9B1-483D-9922-6BB5F4D06277}.AppStore|iPhoneSimulator.ActiveCfg = Release|Any CPU
		{3E8D3A3B-A9B1-483D-9922-6BB5F4D06277}.AppStore|iPhoneSimulator.Build.0 = Release|Any CPU
		{3E8D3A3B-A9B1-483D-9922-6BB5F4D06277}.AppStore|iPhoneSimulator.Deploy.0 = Release|Any CPU
		{3E8D3A3B-A9B1-483D-9922-6BB5F4D06277}.Debug|Any CPU.ActiveCfg = Debug|Any CPU
		{3E8D3A3B-A9B1-483D-9922-6BB5F4D06277}.Debug|Any CPU.Build.0 = Debug|Any CPU
		{3E8D3A3B-A9B1-483D-9922-6BB5F4D06277}.Debug|Any CPU.Deploy.0 = Debug|Any CPU
		{3E8D3A3B-A9B1-483D-9922-6BB5F4D06277}.Debug|iPhone.ActiveCfg = Debug|Any CPU
		{3E8D3A3B-A9B1-483D-9922-6BB5F4D06277}.Debug|iPhone.Build.0 = Debug|Any CPU
		{3E8D3A3B-A9B1-483D-9922-6BB5F4D06277}.Debug|iPhoneSimulator.ActiveCfg = Debug|Any CPU
		{3E8D3A3B-A9B1-483D-9922-6BB5F4D06277}.Debug|iPhoneSimulator.Build.0 = Debug|Any CPU
		{3E8D3A3B-A9B1-483D-9922-6BB5F4D06277}.Release|Any CPU.ActiveCfg = Release|Any CPU
		{3E8D3A3B-A9B1-483D-9922-6BB5F4D06277}.Release|Any CPU.Build.0 = Release|Any CPU
		{3E8D3A3B-A9B1-483D-9922-6BB5F4D06277}.Release|iPhone.ActiveCfg = Release|Any CPU
		{3E8D3A3B-A9B1-483D-9922-6BB5F4D06277}.Release|iPhone.Build.0 = Release|Any CPU
		{3E8D3A3B-A9B1-483D-9922-6BB5F4D06277}.Release|iPhoneSimulator.ActiveCfg = Release|Any CPU
		{3E8D3A3B-A9B1-483D-9922-6BB5F4D06277}.Release|iPhoneSimulator.Build.0 = Release|Any CPU
		{8A339038-F63F-418B-8613-673A0424BE0D}.Ad-Hoc|Any CPU.ActiveCfg = Ad-Hoc|iPhoneSimulator
		{8A339038-F63F-418B-8613-673A0424BE0D}.Ad-Hoc|iPhone.ActiveCfg = Ad-Hoc|iPhone
		{8A339038-F63F-418B-8613-673A0424BE0D}.Ad-Hoc|iPhone.Build.0 = Ad-Hoc|iPhone
		{8A339038-F63F-418B-8613-673A0424BE0D}.Ad-Hoc|iPhoneSimulator.ActiveCfg = Ad-Hoc|iPhoneSimulator
		{8A339038-F63F-418B-8613-673A0424BE0D}.Ad-Hoc|iPhoneSimulator.Build.0 = Ad-Hoc|iPhoneSimulator
		{8A339038-F63F-418B-8613-673A0424BE0D}.AppStore|Any CPU.ActiveCfg = AppStore|iPhoneSimulator
		{8A339038-F63F-418B-8613-673A0424BE0D}.AppStore|iPhone.ActiveCfg = AppStore|iPhone
		{8A339038-F63F-418B-8613-673A0424BE0D}.AppStore|iPhone.Build.0 = AppStore|iPhone
		{8A339038-F63F-418B-8613-673A0424BE0D}.AppStore|iPhoneSimulator.ActiveCfg = AppStore|iPhoneSimulator
		{8A339038-F63F-418B-8613-673A0424BE0D}.AppStore|iPhoneSimulator.Build.0 = AppStore|iPhoneSimulator
		{8A339038-F63F-418B-8613-673A0424BE0D}.Debug|Any CPU.ActiveCfg = Debug|iPhoneSimulator
		{8A339038-F63F-418B-8613-673A0424BE0D}.Debug|Any CPU.Build.0 = Debug|iPhoneSimulator
		{8A339038-F63F-418B-8613-673A0424BE0D}.Debug|iPhone.ActiveCfg = Debug|iPhone
		{8A339038-F63F-418B-8613-673A0424BE0D}.Debug|iPhone.Build.0 = Debug|iPhone
		{8A339038-F63F-418B-8613-673A0424BE0D}.Debug|iPhoneSimulator.ActiveCfg = Debug|iPhoneSimulator
		{8A339038-F63F-418B-8613-673A0424BE0D}.Debug|iPhoneSimulator.Build.0 = Debug|iPhoneSimulator
		{8A339038-F63F-418B-8613-673A0424BE0D}.Release|Any CPU.ActiveCfg = Release|iPhoneSimulator
		{8A339038-F63F-418B-8613-673A0424BE0D}.Release|Any CPU.Build.0 = Release|iPhoneSimulator
		{8A339038-F63F-418B-8613-673A0424BE0D}.Release|iPhone.ActiveCfg = Release|iPhone
		{8A339038-F63F-418B-8613-673A0424BE0D}.Release|iPhone.Build.0 = Release|iPhone
		{8A339038-F63F-418B-8613-673A0424BE0D}.Release|iPhoneSimulator.ActiveCfg = Release|iPhoneSimulator
		{8A339038-F63F-418B-8613-673A0424BE0D}.Release|iPhoneSimulator.Build.0 = Release|iPhoneSimulator
		{B19C892E-2628-4CA7-AD27-08D406A3B14B}.Ad-Hoc|Any CPU.ActiveCfg = Release|Any CPU
		{B19C892E-2628-4CA7-AD27-08D406A3B14B}.Ad-Hoc|Any CPU.Build.0 = Release|Any CPU
		{B19C892E-2628-4CA7-AD27-08D406A3B14B}.Ad-Hoc|iPhone.ActiveCfg = Debug|Any CPU
		{B19C892E-2628-4CA7-AD27-08D406A3B14B}.Ad-Hoc|iPhone.Build.0 = Debug|Any CPU
		{B19C892E-2628-4CA7-AD27-08D406A3B14B}.Ad-Hoc|iPhoneSimulator.ActiveCfg = Release|Any CPU
		{B19C892E-2628-4CA7-AD27-08D406A3B14B}.Ad-Hoc|iPhoneSimulator.Build.0 = Release|Any CPU
		{B19C892E-2628-4CA7-AD27-08D406A3B14B}.AppStore|Any CPU.ActiveCfg = Release|Any CPU
		{B19C892E-2628-4CA7-AD27-08D406A3B14B}.AppStore|Any CPU.Build.0 = Release|Any CPU
		{B19C892E-2628-4CA7-AD27-08D406A3B14B}.AppStore|iPhone.ActiveCfg = Debug|Any CPU
		{B19C892E-2628-4CA7-AD27-08D406A3B14B}.AppStore|iPhone.Build.0 = Debug|Any CPU
		{B19C892E-2628-4CA7-AD27-08D406A3B14B}.AppStore|iPhoneSimulator.ActiveCfg = Release|Any CPU
		{B19C892E-2628-4CA7-AD27-08D406A3B14B}.AppStore|iPhoneSimulator.Build.0 = Release|Any CPU
		{B19C892E-2628-4CA7-AD27-08D406A3B14B}.Debug|Any CPU.ActiveCfg = Debug|Any CPU
		{B19C892E-2628-4CA7-AD27-08D406A3B14B}.Debug|Any CPU.Build.0 = Debug|Any CPU
		{B19C892E-2628-4CA7-AD27-08D406A3B14B}.Debug|iPhone.ActiveCfg = Debug|Any CPU
		{B19C892E-2628-4CA7-AD27-08D406A3B14B}.Debug|iPhone.Build.0 = Debug|Any CPU
		{B19C892E-2628-4CA7-AD27-08D406A3B14B}.Debug|iPhoneSimulator.ActiveCfg = Debug|Any CPU
		{B19C892E-2628-4CA7-AD27-08D406A3B14B}.Debug|iPhoneSimulator.Build.0 = Debug|Any CPU
		{B19C892E-2628-4CA7-AD27-08D406A3B14B}.Release|Any CPU.ActiveCfg = Release|Any CPU
		{B19C892E-2628-4CA7-AD27-08D406A3B14B}.Release|Any CPU.Build.0 = Release|Any CPU
		{B19C892E-2628-4CA7-AD27-08D406A3B14B}.Release|iPhone.ActiveCfg = Release|Any CPU
		{B19C892E-2628-4CA7-AD27-08D406A3B14B}.Release|iPhone.Build.0 = Release|Any CPU
		{B19C892E-2628-4CA7-AD27-08D406A3B14B}.Release|iPhoneSimulator.ActiveCfg = Release|Any CPU
		{B19C892E-2628-4CA7-AD27-08D406A3B14B}.Release|iPhoneSimulator.Build.0 = Release|Any CPU
	EndGlobalSection
	GlobalSection(SolutionProperties) = preSolution
		HideSolutionNode = FALSE
	EndGlobalSection
	GlobalSection(NestedProjects) = preSolution
		{CA3FB9FD-F0F7-4428-B77D-57E08EDCB9E9} = {44C8E1BC-1562-4381-AE4F-4430D94D92E5}
		{198F398B-8EBF-45E9-9F9D-9C8CB491CBF3} = {44C8E1BC-1562-4381-AE4F-4430D94D92E5}
		{8E4FBC01-CEDB-4F6A-9CB6-806B49FBF96C} = {44C8E1BC-1562-4381-AE4F-4430D94D92E5}
		{7F664421-A834-4912-80F2-60FECFDFD623} = {44C8E1BC-1562-4381-AE4F-4430D94D92E5}
		{FDA7EF05-9024-4C5F-9F71-7BAC3FF68CEA} = {44C8E1BC-1562-4381-AE4F-4430D94D92E5}
	EndGlobalSection
	GlobalSection(ExtensibilityGlobals) = postSolution
		SolutionGuid = {44DC310D-CC30-4CD2-838B-C179DC4F0B44}
	EndGlobalSection
EndGlobal
